// !$*UTF8*$!
{
	archiveVersion = 1;
	classes = {
	};
	objectVersion = 56;
	objects = {

/* Begin PBXBuildFile section */
		5BDBF60D2B2F3C7400AD3B33 /* AppDelegate.swift in Sources */ = {isa = PBXBuildFile; fileRef = 5BDBF60C2B2F3C7400AD3B33 /* AppDelegate.swift */; };
		5BDBF60F2B2F3C7400AD3B33 /* SceneDelegate.swift in Sources */ = {isa = PBXBuildFile; fileRef = 5BDBF60E2B2F3C7400AD3B33 /* SceneDelegate.swift */; };
		5BDBF6112B2F3C7400AD3B33 /* ViewController.swift in Sources */ = {isa = PBXBuildFile; fileRef = 5BDBF6102B2F3C7400AD3B33 /* ViewController.swift */; };
		5BDBF6142B2F3C7400AD3B33 /* Main.storyboard in Resources */ = {isa = PBXBuildFile; fileRef = 5BDBF6122B2F3C7400AD3B33 /* Main.storyboard */; };
		5BDBF6162B2F3C7600AD3B33 /* Assets.xcassets in Resources */ = {isa = PBXBuildFile; fileRef = 5BDBF6152B2F3C7600AD3B33 /* Assets.xcassets */; };
		5BDBF6192B2F3C7600AD3B33 /* LaunchScreen.storyboard in Resources */ = {isa = PBXBuildFile; fileRef = 5BDBF6172B2F3C7600AD3B33 /* LaunchScreen.storyboard */; };
		5BDBF6242B2F3C7600AD3B33 /* yp_sprint3_counterTests.swift in Sources */ = {isa = PBXBuildFile; fileRef = 5BDBF6232B2F3C7600AD3B33 /* yp_sprint3_counterTests.swift */; };
		5BDBF62E2B2F3C7600AD3B33 /* yp_sprint3_counterUITests.swift in Sources */ = {isa = PBXBuildFile; fileRef = 5BDBF62D2B2F3C7600AD3B33 /* yp_sprint3_counterUITests.swift */; };
		5BDBF6302B2F3C7600AD3B33 /* yp_sprint3_counterUITestsLaunchTests.swift in Sources */ = {isa = PBXBuildFile; fileRef = 5BDBF62F2B2F3C7600AD3B33 /* yp_sprint3_counterUITestsLaunchTests.swift */; };
/* End PBXBuildFile section */

/* Begin PBXContainerItemProxy section */
		5BDBF6202B2F3C7600AD3B33 /* PBXContainerItemProxy */ = {
			isa = PBXContainerItemProxy;
			containerPortal = 5BDBF6012B2F3C7400AD3B33 /* Project object */;
			proxyType = 1;
			remoteGlobalIDString = 5BDBF6082B2F3C7400AD3B33;
			remoteInfo = yp_sprint3_counter;
		};
		5BDBF62A2B2F3C7600AD3B33 /* PBXContainerItemProxy */ = {
			isa = PBXContainerItemProxy;
			containerPortal = 5BDBF6012B2F3C7400AD3B33 /* Project object */;
			proxyType = 1;
			remoteGlobalIDString = 5BDBF6082B2F3C7400AD3B33;
			remoteInfo = yp_sprint3_counter;
		};
/* End PBXContainerItemProxy section */

/* Begin PBXFileReference section */
		5BDBF6092B2F3C7400AD3B33 /* yp_sprint3_counter.app */ = {isa = PBXFileReference; explicitFileType = wrapper.application; includeInIndex = 0; path = yp_sprint3_counter.app; sourceTree = BUILT_PRODUCTS_DIR; };
		5BDBF60C2B2F3C7400AD3B33 /* AppDelegate.swift */ = {isa = PBXFileReference; lastKnownFileType = sourcecode.swift; path = AppDelegate.swift; sourceTree = "<group>"; };
		5BDBF60E2B2F3C7400AD3B33 /* SceneDelegate.swift */ = {isa = PBXFileReference; lastKnownFileType = sourcecode.swift; path = SceneDelegate.swift; sourceTree = "<group>"; };
		5BDBF6102B2F3C7400AD3B33 /* ViewController.swift */ = {isa = PBXFileReference; lastKnownFileType = sourcecode.swift; path = ViewController.swift; sourceTree = "<group>"; };
		5BDBF6132B2F3C7400AD3B33 /* Base */ = {isa = PBXFileReference; lastKnownFileType = file.storyboard; name = Base; path = Base.lproj/Main.storyboard; sourceTree = "<group>"; };
		5BDBF6152B2F3C7600AD3B33 /* Assets.xcassets */ = {isa = PBXFileReference; lastKnownFileType = folder.assetcatalog; path = Assets.xcassets; sourceTree = "<group>"; };
		5BDBF6182B2F3C7600AD3B33 /* Base */ = {isa = PBXFileReference; lastKnownFileType = file.storyboard; name = Base; path = Base.lproj/LaunchScreen.storyboard; sourceTree = "<group>"; };
		5BDBF61A2B2F3C7600AD3B33 /* Info.plist */ = {isa = PBXFileReference; lastKnownFileType = text.plist.xml; path = Info.plist; sourceTree = "<group>"; };
		5BDBF61F2B2F3C7600AD3B33 /* yp_sprint3_counterTests.xctest */ = {isa = PBXFileReference; explicitFileType = wrapper.cfbundle; includeInIndex = 0; path = yp_sprint3_counterTests.xctest; sourceTree = BUILT_PRODUCTS_DIR; };
		5BDBF6232B2F3C7600AD3B33 /* yp_sprint3_counterTests.swift */ = {isa = PBXFileReference; lastKnownFileType = sourcecode.swift; path = yp_sprint3_counterTests.swift; sourceTree = "<group>"; };
		5BDBF6292B2F3C7600AD3B33 /* yp_sprint3_counterUITests.xctest */ = {isa = PBXFileReference; explicitFileType = wrapper.cfbundle; includeInIndex = 0; path = yp_sprint3_counterUITests.xctest; sourceTree = BUILT_PRODUCTS_DIR; };
		5BDBF62D2B2F3C7600AD3B33 /* yp_sprint3_counterUITests.swift */ = {isa = PBXFileReference; lastKnownFileType = sourcecode.swift; path = yp_sprint3_counterUITests.swift; sourceTree = "<group>"; };
		5BDBF62F2B2F3C7600AD3B33 /* yp_sprint3_counterUITestsLaunchTests.swift */ = {isa = PBXFileReference; lastKnownFileType = sourcecode.swift; path = yp_sprint3_counterUITestsLaunchTests.swift; sourceTree = "<group>"; };
/* End PBXFileReference section */

/* Begin PBXFrameworksBuildPhase section */
		5BDBF6062B2F3C7400AD3B33 /* Frameworks */ = {
			isa = PBXFrameworksBuildPhase;
			buildActionMask = 2147483647;
			files = (
			);
			runOnlyForDeploymentPostprocessing = 0;
		};
		5BDBF61C2B2F3C7600AD3B33 /* Frameworks */ = {
			isa = PBXFrameworksBuildPhase;
			buildActionMask = 2147483647;
			files = (
			);
			runOnlyForDeploymentPostprocessing = 0;
		};
		5BDBF6262B2F3C7600AD3B33 /* Frameworks */ = {
			isa = PBXFrameworksBuildPhase;
			buildActionMask = 2147483647;
			files = (
			);
			runOnlyForDeploymentPostprocessing = 0;
		};
/* End PBXFrameworksBuildPhase section */

/* Begin PBXGroup section */
		5BDBF6002B2F3C7400AD3B33 = {
			isa = PBXGroup;
			children = (
				5BDBF60B2B2F3C7400AD3B33 /* yp_sprint3_counter */,
				5BDBF6222B2F3C7600AD3B33 /* yp_sprint3_counterTests */,
				5BDBF62C2B2F3C7600AD3B33 /* yp_sprint3_counterUITests */,
				5BDBF60A2B2F3C7400AD3B33 /* Products */,
			);
			sourceTree = "<group>";
		};
		5BDBF60A2B2F3C7400AD3B33 /* Products */ = {
			isa = PBXGroup;
			children = (
				5BDBF6092B2F3C7400AD3B33 /* yp_sprint3_counter.app */,
				5BDBF61F2B2F3C7600AD3B33 /* yp_sprint3_counterTests.xctest */,
				5BDBF6292B2F3C7600AD3B33 /* yp_sprint3_counterUITests.xctest */,
			);
			name = Products;
			sourceTree = "<group>";
		};
		5BDBF60B2B2F3C7400AD3B33 /* yp_sprint3_counter */ = {
			isa = PBXGroup;
			children = (
				5BDBF60C2B2F3C7400AD3B33 /* AppDelegate.swift */,
				5BDBF60E2B2F3C7400AD3B33 /* SceneDelegate.swift */,
				5BDBF6102B2F3C7400AD3B33 /* ViewController.swift */,
				5BDBF6122B2F3C7400AD3B33 /* Main.storyboard */,
				5BDBF6152B2F3C7600AD3B33 /* Assets.xcassets */,
				5BDBF6172B2F3C7600AD3B33 /* LaunchScreen.storyboard */,
				5BDBF61A2B2F3C7600AD3B33 /* Info.plist */,
			);
			path = yp_sprint3_counter;
			sourceTree = "<group>";
		};
		5BDBF6222B2F3C7600AD3B33 /* yp_sprint3_counterTests */ = {
			isa = PBXGroup;
			children = (
				5BDBF6232B2F3C7600AD3B33 /* yp_sprint3_counterTests.swift */,
			);
			path = yp_sprint3_counterTests;
			sourceTree = "<group>";
		};
		5BDBF62C2B2F3C7600AD3B33 /* yp_sprint3_counterUITests */ = {
			isa = PBXGroup;
			children = (
				5BDBF62D2B2F3C7600AD3B33 /* yp_sprint3_counterUITests.swift */,
				5BDBF62F2B2F3C7600AD3B33 /* yp_sprint3_counterUITestsLaunchTests.swift */,
			);
			path = yp_sprint3_counterUITests;
			sourceTree = "<group>";
		};
/* End PBXGroup section */

/* Begin PBXNativeTarget section */
		5BDBF6082B2F3C7400AD3B33 /* yp_sprint3_counter */ = {
			isa = PBXNativeTarget;
			buildConfigurationList = 5BDBF6332B2F3C7600AD3B33 /* Build configuration list for PBXNativeTarget "yp_sprint3_counter" */;
			buildPhases = (
				5BDBF6052B2F3C7400AD3B33 /* Sources */,
				5BDBF6062B2F3C7400AD3B33 /* Frameworks */,
				5BDBF6072B2F3C7400AD3B33 /* Resources */,
			);
			buildRules = (
			);
			dependencies = (
			);
			name = yp_sprint3_counter;
			productName = yp_sprint3_counter;
			productReference = 5BDBF6092B2F3C7400AD3B33 /* yp_sprint3_counter.app */;
			productType = "com.apple.product-type.application";
		};
		5BDBF61E2B2F3C7600AD3B33 /* yp_sprint3_counterTests */ = {
			isa = PBXNativeTarget;
			buildConfigurationList = 5BDBF6362B2F3C7600AD3B33 /* Build configuration list for PBXNativeTarget "yp_sprint3_counterTests" */;
			buildPhases = (
				5BDBF61B2B2F3C7600AD3B33 /* Sources */,
				5BDBF61C2B2F3C7600AD3B33 /* Frameworks */,
				5BDBF61D2B2F3C7600AD3B33 /* Resources */,
			);
			buildRules = (
			);
			dependencies = (
				5BDBF6212B2F3C7600AD3B33 /* PBXTargetDependency */,
			);
			name = yp_sprint3_counterTests;
			productName = yp_sprint3_counterTests;
			productReference = 5BDBF61F2B2F3C7600AD3B33 /* yp_sprint3_counterTests.xctest */;
			productType = "com.apple.product-type.bundle.unit-test";
		};
		5BDBF6282B2F3C7600AD3B33 /* yp_sprint3_counterUITests */ = {
			isa = PBXNativeTarget;
			buildConfigurationList = 5BDBF6392B2F3C7600AD3B33 /* Build configuration list for PBXNativeTarget "yp_sprint3_counterUITests" */;
			buildPhases = (
				5BDBF6252B2F3C7600AD3B33 /* Sources */,
				5BDBF6262B2F3C7600AD3B33 /* Frameworks */,
				5BDBF6272B2F3C7600AD3B33 /* Resources */,
			);
			buildRules = (
			);
			dependencies = (
				5BDBF62B2B2F3C7600AD3B33 /* PBXTargetDependency */,
			);
			name = yp_sprint3_counterUITests;
			productName = yp_sprint3_counterUITests;
			productReference = 5BDBF6292B2F3C7600AD3B33 /* yp_sprint3_counterUITests.xctest */;
			productType = "com.apple.product-type.bundle.ui-testing";
		};
/* End PBXNativeTarget section */

/* Begin PBXProject section */
		5BDBF6012B2F3C7400AD3B33 /* Project object */ = {
			isa = PBXProject;
			attributes = {
				BuildIndependentTargetsInParallel = 1;
				LastSwiftUpdateCheck = 1500;
				LastUpgradeCheck = 1500;
				TargetAttributes = {
					5BDBF6082B2F3C7400AD3B33 = {
						CreatedOnToolsVersion = 15.0.1;
					};
					5BDBF61E2B2F3C7600AD3B33 = {
						CreatedOnToolsVersion = 15.0.1;
						TestTargetID = 5BDBF6082B2F3C7400AD3B33;
					};
					5BDBF6282B2F3C7600AD3B33 = {
						CreatedOnToolsVersion = 15.0.1;
						TestTargetID = 5BDBF6082B2F3C7400AD3B33;
					};
				};
			};
			buildConfigurationList = 5BDBF6042B2F3C7400AD3B33 /* Build configuration list for PBXProject "yp_sprint3_counter" */;
			compatibilityVersion = "Xcode 14.0";
			developmentRegion = en;
			hasScannedForEncodings = 0;
			knownRegions = (
				en,
				Base,
			);
			mainGroup = 5BDBF6002B2F3C7400AD3B33;
			productRefGroup = 5BDBF60A2B2F3C7400AD3B33 /* Products */;
			projectDirPath = "";
			projectRoot = "";
			targets = (
				5BDBF6082B2F3C7400AD3B33 /* yp_sprint3_counter */,
				5BDBF61E2B2F3C7600AD3B33 /* yp_sprint3_counterTests */,
				5BDBF6282B2F3C7600AD3B33 /* yp_sprint3_counterUITests */,
			);
		};
/* End PBXProject section */

/* Begin PBXResourcesBuildPhase section */
		5BDBF6072B2F3C7400AD3B33 /* Resources */ = {
			isa = PBXResourcesBuildPhase;
			buildActionMask = 2147483647;
			files = (
				5BDBF6192B2F3C7600AD3B33 /* LaunchScreen.storyboard in Resources */,
				5BDBF6162B2F3C7600AD3B33 /* Assets.xcassets in Resources */,
				5BDBF6142B2F3C7400AD3B33 /* Main.storyboard in Resources */,
			);
			runOnlyForDeploymentPostprocessing = 0;
		};
		5BDBF61D2B2F3C7600AD3B33 /* Resources */ = {
			isa = PBXResourcesBuildPhase;
			buildActionMask = 2147483647;
			files = (
			);
			runOnlyForDeploymentPostprocessing = 0;
		};
		5BDBF6272B2F3C7600AD3B33 /* Resources */ = {
			isa = PBXResourcesBuildPhase;
			buildActionMask = 2147483647;
			files = (
			);
			runOnlyForDeploymentPostprocessing = 0;
		};
/* End PBXResourcesBuildPhase section */

/* Begin PBXSourcesBuildPhase section */
		5BDBF6052B2F3C7400AD3B33 /* Sources */ = {
			isa = PBXSourcesBuildPhase;
			buildActionMask = 2147483647;
			files = (
				5BDBF6112B2F3C7400AD3B33 /* ViewController.swift in Sources */,
				5BDBF60D2B2F3C7400AD3B33 /* AppDelegate.swift in Sources */,
				5BDBF60F2B2F3C7400AD3B33 /* SceneDelegate.swift in Sources */,
			);
			runOnlyForDeploymentPostprocessing = 0;
		};
		5BDBF61B2B2F3C7600AD3B33 /* Sources */ = {
			isa = PBXSourcesBuildPhase;
			buildActionMask = 2147483647;
			files = (
				5BDBF6242B2F3C7600AD3B33 /* yp_sprint3_counterTests.swift in Sources */,
			);
			runOnlyForDeploymentPostprocessing = 0;
		};
		5BDBF6252B2F3C7600AD3B33 /* Sources */ = {
			isa = PBXSourcesBuildPhase;
			buildActionMask = 2147483647;
			files = (
				5BDBF6302B2F3C7600AD3B33 /* yp_sprint3_counterUITestsLaunchTests.swift in Sources */,
				5BDBF62E2B2F3C7600AD3B33 /* yp_sprint3_counterUITests.swift in Sources */,
			);
			runOnlyForDeploymentPostprocessing = 0;
		};
/* End PBXSourcesBuildPhase section */

/* Begin PBXTargetDependency section */
		5BDBF6212B2F3C7600AD3B33 /* PBXTargetDependency */ = {
			isa = PBXTargetDependency;
			target = 5BDBF6082B2F3C7400AD3B33 /* yp_sprint3_counter */;
			targetProxy = 5BDBF6202B2F3C7600AD3B33 /* PBXContainerItemProxy */;
		};
		5BDBF62B2B2F3C7600AD3B33 /* PBXTargetDependency */ = {
			isa = PBXTargetDependency;
			target = 5BDBF6082B2F3C7400AD3B33 /* yp_sprint3_counter */;
			targetProxy = 5BDBF62A2B2F3C7600AD3B33 /* PBXContainerItemProxy */;
		};
/* End PBXTargetDependency section */

/* Begin PBXVariantGroup section */
		5BDBF6122B2F3C7400AD3B33 /* Main.storyboard */ = {
			isa = PBXVariantGroup;
			children = (
				5BDBF6132B2F3C7400AD3B33 /* Base */,
			);
			name = Main.storyboard;
			sourceTree = "<group>";
		};
		5BDBF6172B2F3C7600AD3B33 /* LaunchScreen.storyboard */ = {
			isa = PBXVariantGroup;
			children = (
				5BDBF6182B2F3C7600AD3B33 /* Base */,
			);
			name = LaunchScreen.storyboard;
			sourceTree = "<group>";
		};
/* End PBXVariantGroup section */

/* Begin XCBuildConfiguration section */
		5BDBF6312B2F3C7600AD3B33 /* Debug */ = {
			isa = XCBuildConfiguration;
			buildSettings = {
				ALWAYS_SEARCH_USER_PATHS = NO;
				ASSETCATALOG_COMPILER_GENERATE_SWIFT_ASSET_SYMBOL_EXTENSIONS = YES;
				CLANG_ANALYZER_NONNULL = YES;
				CLANG_ANALYZER_NUMBER_OBJECT_CONVERSION = YES_AGGRESSIVE;
				CLANG_CXX_LANGUAGE_STANDARD = "gnu++20";
				CLANG_ENABLE_MODULES = YES;
				CLANG_ENABLE_OBJC_ARC = YES;
				CLANG_ENABLE_OBJC_WEAK = YES;
				CLANG_WARN_BLOCK_CAPTURE_AUTORELEASING = YES;
				CLANG_WARN_BOOL_CONVERSION = YES;
				CLANG_WARN_COMMA = YES;
				CLANG_WARN_CONSTANT_CONVERSION = YES;
				CLANG_WARN_DEPRECATED_OBJC_IMPLEMENTATIONS = YES;
				CLANG_WARN_DIRECT_OBJC_ISA_USAGE = YES_ERROR;
				CLANG_WARN_DOCUMENTATION_COMMENTS = YES;
				CLANG_WARN_EMPTY_BODY = YES;
				CLANG_WARN_ENUM_CONVERSION = YES;
				CLANG_WARN_INFINITE_RECURSION = YES;
				CLANG_WARN_INT_CONVERSION = YES;
				CLANG_WARN_NON_LITERAL_NULL_CONVERSION = YES;
				CLANG_WARN_OBJC_IMPLICIT_RETAIN_SELF = YES;
				CLANG_WARN_OBJC_LITERAL_CONVERSION = YES;
				CLANG_WARN_OBJC_ROOT_CLASS = YES_ERROR;
				CLANG_WARN_QUOTED_INCLUDE_IN_FRAMEWORK_HEADER = YES;
				CLANG_WARN_RANGE_LOOP_ANALYSIS = YES;
				CLANG_WARN_STRICT_PROTOTYPES = YES;
				CLANG_WARN_SUSPICIOUS_MOVE = YES;
				CLANG_WARN_UNGUARDED_AVAILABILITY = YES_AGGRESSIVE;
				CLANG_WARN_UNREACHABLE_CODE = YES;
				CLANG_WARN__DUPLICATE_METHOD_MATCH = YES;
				COPY_PHASE_STRIP = NO;
				DEBUG_INFORMATION_FORMAT = dwarf;
				ENABLE_STRICT_OBJC_MSGSEND = YES;
				ENABLE_TESTABILITY = YES;
				ENABLE_USER_SCRIPT_SANDBOXING = YES;
				GCC_C_LANGUAGE_STANDARD = gnu17;
				GCC_DYNAMIC_NO_PIC = NO;
				GCC_NO_COMMON_BLOCKS = YES;
				GCC_OPTIMIZATION_LEVEL = 0;
				GCC_PREPROCESSOR_DEFINITIONS = (
					"DEBUG=1",
					"$(inherited)",
				);
				GCC_WARN_64_TO_32_BIT_CONVERSION = YES;
				GCC_WARN_ABOUT_RETURN_TYPE = YES_ERROR;
				GCC_WARN_UNDECLARED_SELECTOR = YES;
				GCC_WARN_UNINITIALIZED_AUTOS = YES_AGGRESSIVE;
				GCC_WARN_UNUSED_FUNCTION = YES;
				GCC_WARN_UNUSED_VARIABLE = YES;
				IPHONEOS_DEPLOYMENT_TARGET = 17.0;
				LOCALIZATION_PREFERS_STRING_CATALOGS = YES;
				MTL_ENABLE_DEBUG_INFO = INCLUDE_SOURCE;
				MTL_FAST_MATH = YES;
				ONLY_ACTIVE_ARCH = YES;
				SDKROOT = iphoneos;
				SWIFT_ACTIVE_COMPILATION_CONDITIONS = "DEBUG $(inherited)";
				SWIFT_OPTIMIZATION_LEVEL = "-Onone";
			};
			name = Debug;
		};
		5BDBF6322B2F3C7600AD3B33 /* Release */ = {
			isa = XCBuildConfiguration;
			buildSettings = {
				ALWAYS_SEARCH_USER_PATHS = NO;
				ASSETCATALOG_COMPILER_GENERATE_SWIFT_ASSET_SYMBOL_EXTENSIONS = YES;
				CLANG_ANALYZER_NONNULL = YES;
				CLANG_ANALYZER_NUMBER_OBJECT_CONVERSION = YES_AGGRESSIVE;
				CLANG_CXX_LANGUAGE_STANDARD = "gnu++20";
				CLANG_ENABLE_MODULES = YES;
				CLANG_ENABLE_OBJC_ARC = YES;
				CLANG_ENABLE_OBJC_WEAK = YES;
				CLANG_WARN_BLOCK_CAPTURE_AUTORELEASING = YES;
				CLANG_WARN_BOOL_CONVERSION = YES;
				CLANG_WARN_COMMA = YES;
				CLANG_WARN_CONSTANT_CONVERSION = YES;
				CLANG_WARN_DEPRECATED_OBJC_IMPLEMENTATIONS = YES;
				CLANG_WARN_DIRECT_OBJC_ISA_USAGE = YES_ERROR;
				CLANG_WARN_DOCUMENTATION_COMMENTS = YES;
				CLANG_WARN_EMPTY_BODY = YES;
				CLANG_WARN_ENUM_CONVERSION = YES;
				CLANG_WARN_INFINITE_RECURSION = YES;
				CLANG_WARN_INT_CONVERSION = YES;
				CLANG_WARN_NON_LITERAL_NULL_CONVERSION = YES;
				CLANG_WARN_OBJC_IMPLICIT_RETAIN_SELF = YES;
				CLANG_WARN_OBJC_LITERAL_CONVERSION = YES;
				CLANG_WARN_OBJC_ROOT_CLASS = YES_ERROR;
				CLANG_WARN_QUOTED_INCLUDE_IN_FRAMEWORK_HEADER = YES;
				CLANG_WARN_RANGE_LOOP_ANALYSIS = YES;
				CLANG_WARN_STRICT_PROTOTYPES = YES;
				CLANG_WARN_SUSPICIOUS_MOVE = YES;
				CLANG_WARN_UNGUARDED_AVAILABILITY = YES_AGGRESSIVE;
				CLANG_WARN_UNREACHABLE_CODE = YES;
				CLANG_WARN__DUPLICATE_METHOD_MATCH = YES;
				COPY_PHASE_STRIP = NO;
				DEBUG_INFORMATION_FORMAT = "dwarf-with-dsym";
				ENABLE_NS_ASSERTIONS = NO;
				ENABLE_STRICT_OBJC_MSGSEND = YES;
				ENABLE_USER_SCRIPT_SANDBOXING = YES;
				GCC_C_LANGUAGE_STANDARD = gnu17;
				GCC_NO_COMMON_BLOCKS = YES;
				GCC_WARN_64_TO_32_BIT_CONVERSION = YES;
				GCC_WARN_ABOUT_RETURN_TYPE = YES_ERROR;
				GCC_WARN_UNDECLARED_SELECTOR = YES;
				GCC_WARN_UNINITIALIZED_AUTOS = YES_AGGRESSIVE;
				GCC_WARN_UNUSED_FUNCTION = YES;
				GCC_WARN_UNUSED_VARIABLE = YES;
				IPHONEOS_DEPLOYMENT_TARGET = 17.0;
				LOCALIZATION_PREFERS_STRING_CATALOGS = YES;
				MTL_ENABLE_DEBUG_INFO = NO;
				MTL_FAST_MATH = YES;
				SDKROOT = iphoneos;
				SWIFT_COMPILATION_MODE = wholemodule;
				VALIDATE_PRODUCT = YES;
			};
			name = Release;
		};
		5BDBF6342B2F3C7600AD3B33 /* Debug */ = {
			isa = XCBuildConfiguration;
			buildSettings = {
				ASSETCATALOG_COMPILER_APPICON_NAME = AppIcon;
				ASSETCATALOG_COMPILER_GLOBAL_ACCENT_COLOR_NAME = AccentColor;
				CODE_SIGN_STYLE = Automatic;
				CURRENT_PROJECT_VERSION = 1;
				DEVELOPMENT_TEAM = 9ZD4XL4P44;
				GENERATE_INFOPLIST_FILE = YES;
				INFOPLIST_FILE = yp_sprint3_counter/Info.plist;
				INFOPLIST_KEY_UIApplicationSupportsIndirectInputEvents = YES;
				INFOPLIST_KEY_UILaunchStoryboardName = LaunchScreen;
				INFOPLIST_KEY_UIMainStoryboardFile = Main;
				INFOPLIST_KEY_UISupportedInterfaceOrientations_iPad = "UIInterfaceOrientationPortrait UIInterfaceOrientationPortraitUpsideDown UIInterfaceOrientationLandscapeLeft UIInterfaceOrientationLandscapeRight";
				INFOPLIST_KEY_UISupportedInterfaceOrientations_iPhone = "UIInterfaceOrientationPortrait UIInterfaceOrientationLandscapeLeft UIInterfaceOrientationLandscapeRight";
				LD_RUNPATH_SEARCH_PATHS = (
					"$(inherited)",
					"@executable_path/Frameworks",
				);
				MARKETING_VERSION = 1.0;
				PRODUCT_BUNDLE_IDENTIFIER = "sizzen.yp-sprint3-counter";
				PRODUCT_NAME = "$(TARGET_NAME)";
				SWIFT_EMIT_LOC_STRINGS = YES;
				SWIFT_VERSION = 5.0;
				TARGETED_DEVICE_FAMILY = "1,2";
			};
			name = Debug;
		};
		5BDBF6352B2F3C7600AD3B33 /* Release */ = {
			isa = XCBuildConfiguration;
			buildSettings = {
				ASSETCATALOG_COMPILER_APPICON_NAME = AppIcon;
				ASSETCATALOG_COMPILER_GLOBAL_ACCENT_COLOR_NAME = AccentColor;
				CODE_SIGN_STYLE = Automatic;
				CURRENT_PROJECT_VERSION = 1;
				DEVELOPMENT_TEAM = 9ZD4XL4P44;
				GENERATE_INFOPLIST_FILE = YES;
				INFOPLIST_FILE = yp_sprint3_counter/Info.plist;
				INFOPLIST_KEY_UIApplicationSupportsIndirectInputEvents = YES;
				INFOPLIST_KEY_UILaunchStoryboardName = LaunchScreen;
				INFOPLIST_KEY_UIMainStoryboardFile = Main;
				INFOPLIST_KEY_UISupportedInterfaceOrientations_iPad = "UIInterfaceOrientationPortrait UIInterfaceOrientationPortraitUpsideDown UIInterfaceOrientationLandscapeLeft UIInterfaceOrientationLandscapeRight";
				INFOPLIST_KEY_UISupportedInterfaceOrientations_iPhone = "UIInterfaceOrientationPortrait UIInterfaceOrientationLandscapeLeft UIInterfaceOrientationLandscapeRight";
				LD_RUNPATH_SEARCH_PATHS = (
					"$(inherited)",
					"@executable_path/Frameworks",
				);
				MARKETING_VERSION = 1.0;
				PRODUCT_BUNDLE_IDENTIFIER = "sizzen.yp-sprint3-counter";
				PRODUCT_NAME = "$(TARGET_NAME)";
				SWIFT_EMIT_LOC_STRINGS = YES;
				SWIFT_VERSION = 5.0;
				TARGETED_DEVICE_FAMILY = "1,2";
			};
			name = Release;
		};
		5BDBF6372B2F3C7600AD3B33 /* Debug */ = {
			isa = XCBuildConfiguration;
			buildSettings = {
				ALWAYS_EMBED_SWIFT_STANDARD_LIBRARIES = YES;
				BUNDLE_LOADER = "$(TEST_HOST)";
				CODE_SIGN_STYLE = Automatic;
				CURRENT_PROJECT_VERSION = 1;
				DEVELOPMENT_TEAM = 9ZD4XL4P44;
				GENERATE_INFOPLIST_FILE = YES;
				IPHONEOS_DEPLOYMENT_TARGET = 17.0;
				MARKETING_VERSION = 1.0;
				PRODUCT_BUNDLE_IDENTIFIER = "sizzen.yp-sprint3-counterTests";
				PRODUCT_NAME = "$(TARGET_NAME)";
				SWIFT_EMIT_LOC_STRINGS = NO;
				SWIFT_VERSION = 5.0;
				TARGETED_DEVICE_FAMILY = "1,2";
				TEST_HOST = "$(BUILT_PRODUCTS_DIR)/yp_sprint3_counter.app/$(BUNDLE_EXECUTABLE_FOLDER_PATH)/yp_sprint3_counter";
			};
			name = Debug;
		};
		5BDBF6382B2F3C7600AD3B33 /* Release */ = {
			isa = XCBuildConfiguration;
			buildSettings = {
				ALWAYS_EMBED_SWIFT_STANDARD_LIBRARIES = YES;
				BUNDLE_LOADER = "$(TEST_HOST)";
				CODE_SIGN_STYLE = Automatic;
				CURRENT_PROJECT_VERSION = 1;
				DEVELOPMENT_TEAM = 9ZD4XL4P44;
				GENERATE_INFOPLIST_FILE = YES;
				IPHONEOS_DEPLOYMENT_TARGET = 17.0;
				MARKETING_VERSION = 1.0;
				PRODUCT_BUNDLE_IDENTIFIER = "sizzen.yp-sprint3-counterTests";
				PRODUCT_NAME = "$(TARGET_NAME)";
				SWIFT_EMIT_LOC_STRINGS = NO;
				SWIFT_VERSION = 5.0;
				TARGETED_DEVICE_FAMILY = "1,2";
				TEST_HOST = "$(BUILT_PRODUCTS_DIR)/yp_sprint3_counter.app/$(BUNDLE_EXECUTABLE_FOLDER_PATH)/yp_sprint3_counter";
			};
			name = Release;
		};
		5BDBF63A2B2F3C7600AD3B33 /* Debug */ = {
			isa = XCBuildConfiguration;
			buildSettings = {
				ALWAYS_EMBED_SWIFT_STANDARD_LIBRARIES = YES;
				CODE_SIGN_STYLE = Automatic;
				CURRENT_PROJECT_VERSION = 1;
				DEVELOPMENT_TEAM = 9ZD4XL4P44;
				GENERATE_INFOPLIST_FILE = YES;
				MARKETING_VERSION = 1.0;
				PRODUCT_BUNDLE_IDENTIFIER = "sizzen.yp-sprint3-counterUITests";
				PRODUCT_NAME = "$(TARGET_NAME)";
				SWIFT_EMIT_LOC_STRINGS = NO;
				SWIFT_VERSION = 5.0;
				TARGETED_DEVICE_FAMILY = "1,2";
				TEST_TARGET_NAME = yp_sprint3_counter;
			};
			name = Debug;
		};
		5BDBF63B2B2F3C7600AD3B33 /* Release */ = {
			isa = XCBuildConfiguration;
			buildSettings = {
				ALWAYS_EMBED_SWIFT_STANDARD_LIBRARIES = YES;
				CODE_SIGN_STYLE = Automatic;
				CURRENT_PROJECT_VERSION = 1;
				DEVELOPMENT_TEAM = 9ZD4XL4P44;
				GENERATE_INFOPLIST_FILE = YES;
				MARKETING_VERSION = 1.0;
				PRODUCT_BUNDLE_IDENTIFIER = "sizzen.yp-sprint3-counterUITests";
				PRODUCT_NAME = "$(TARGET_NAME)";
				SWIFT_EMIT_LOC_STRINGS = NO;
				SWIFT_VERSION = 5.0;
				TARGETED_DEVICE_FAMILY = "1,2";
				TEST_TARGET_NAME = yp_sprint3_counter;
			};
			name = Release;
		};
/* End XCBuildConfiguration section */

/* Begin XCConfigurationList section */
		5BDBF6042B2F3C7400AD3B33 /* Build configuration list for PBXProject "yp_sprint3_counter" */ = {
			isa = XCConfigurationList;
			buildConfigurations = (
				5BDBF6312B2F3C7600AD3B33 /* Debug */,
				5BDBF6322B2F3C7600AD3B33 /* Release */,
			);
			defaultConfigurationIsVisible = 0;
			defaultConfigurationName = Release;
		};
		5BDBF6332B2F3C7600AD3B33 /* Build configuration list for PBXNativeTarget "yp_sprint3_counter" */ = {
			isa = XCConfigurationList;
			buildConfigurations = (
				5BDBF6342B2F3C7600AD3B33 /* Debug */,
				5BDBF6352B2F3C7600AD3B33 /* Release */,
			);
			defaultConfigurationIsVisible = 0;
			defaultConfigurationName = Release;
		};
		5BDBF6362B2F3C7600AD3B33 /* Build configuration list for PBXNativeTarget "yp_sprint3_counterTests" */ = {
			isa = XCConfigurationList;
			buildConfigurations = (
				5BDBF6372B2F3C7600AD3B33 /* Debug */,
				5BDBF6382B2F3C7600AD3B33 /* Release */,
			);
			defaultConfigurationIsVisible = 0;
			defaultConfigurationName = Release;
		};
		5BDBF6392B2F3C7600AD3B33 /* Build configuration list for PBXNativeTarget "yp_sprint3_counterUITests" */ = {
			isa = XCConfigurationList;
			buildConfigurations = (
				5BDBF63A2B2F3C7600AD3B33 /* Debug */,
				5BDBF63B2B2F3C7600AD3B33 /* Release */,
			);
			defaultConfigurationIsVisible = 0;
			defaultConfigurationName = Release;
		};
/* End XCConfigurationList section */
	};
	rootObject = 5BDBF6012B2F3C7400AD3B33 /* Project object */;
}
